{
  "requires": true,
  "lockfileVersion": 1,
  "dependencies": {
    "normalize.css": {
      "version": "8.0.1",
      "resolved": "https://registry.npmjs.org/normalize.css/-/normalize.css-8.0.1.tgz",
      "integrity": "sha512-qizSNPO93t1YUuUhP22btGOo3chcvDFqFaj2TRybP0DMxkHOCTYwp3n34fel4a31ORXy4m1Xq0Gyqpb5m33qIg=="
    },
    "pagepiling.js": {
      "version": "1.5.6",
      "resolved": "https://registry.npmjs.org/pagepiling.js/-/pagepiling.js-1.5.6.tgz",
      "integrity": "sha512-FhiVFGrIOJ135YSDbfPamH+Llz9imQ0Z1K1lUxPiZHziXtOXgx74Jr44a+7IrSuqQxp1IYDhQoMN2pKmpG1kMQ=="
    }
  }
}
